
Microsoft Visual Studio Solution File, Format Version 12.00
# Visual Studio Version 17
VisualStudioVersion = 17.0.31903.59
MinimumVisualStudioVersion = 10.0.40219.1
Project("{FAE04EC0-301F-11D3-BF4B-00C04F79EFBC}") = "OpenTournament", "src\OpenTournament.csproj", "{881CE7C5-7989-4CDB-B55D-AE81580EDD0B}"
EndProject
Project("{FAE04EC0-301F-11D3-BF4B-00C04F79EFBC}") = "OpenTournament.Tests.Unit", "tests\OpenTournament.Tests.Unit\OpenTournament.Tests.Unit.csproj", "{FBC7C246-B38E-4A64-8ADD-B6E430E50C3F}"
EndProject
Project("{FAE04EC0-301F-11D3-BF4B-00C04F79EFBC}") = "OpenTournament.Tests.Integration", "tests\OpenTournament.Tests.Integration\OpenTournament.Tests.Integration.csproj", "{C0D06297-305B-4D8E-8C35-0796500C1969}"
EndProject
Project("{2150E333-8FDC-42A3-9474-1A3956D46DE8}") = "src", "src", "{1BC888F5-D0E6-4778-AE65-4EDC093BEF2E}"
EndProject
Project("{2150E333-8FDC-42A3-9474-1A3956D46DE8}") = "tests", "tests", "{CA8D6D3F-D4CF-4822-AA92-0EF10CD6B58B}"
EndProject
Global
	GlobalSection(SolutionConfigurationPlatforms) = preSolution
		Debug|Any CPU = Debug|Any CPU
		Release|Any CPU = Release|Any CPU
	EndGlobalSection
	GlobalSection(SolutionProperties) = preSolution
		HideSolutionNode = FALSE
	EndGlobalSection
	GlobalSection(ProjectConfigurationPlatforms) = postSolution
		{881CE7C5-7989-4CDB-B55D-AE81580EDD0B}.Debug|Any CPU.ActiveCfg = Debug|Any CPU
		{881CE7C5-7989-4CDB-B55D-AE81580EDD0B}.Debug|Any CPU.Build.0 = Debug|Any CPU
		{881CE7C5-7989-4CDB-B55D-AE81580EDD0B}.Release|Any CPU.ActiveCfg = Release|Any CPU
		{881CE7C5-7989-4CDB-B55D-AE81580EDD0B}.Release|Any CPU.Build.0 = Release|Any CPU
		{FBC7C246-B38E-4A64-8ADD-B6E430E50C3F}.Debug|Any CPU.ActiveCfg = Debug|Any CPU
		{FBC7C246-B38E-4A64-8ADD-B6E430E50C3F}.Debug|Any CPU.Build.0 = Debug|Any CPU
		{FBC7C246-B38E-4A64-8ADD-B6E430E50C3F}.Release|Any CPU.ActiveCfg = Release|Any CPU
		{FBC7C246-B38E-4A64-8ADD-B6E430E50C3F}.Release|Any CPU.Build.0 = Release|Any CPU
		{C0D06297-305B-4D8E-8C35-0796500C1969}.Debug|Any CPU.ActiveCfg = Debug|Any CPU
		{C0D06297-305B-4D8E-8C35-0796500C1969}.Debug|Any CPU.Build.0 = Debug|Any CPU
		{C0D06297-305B-4D8E-8C35-0796500C1969}.Release|Any CPU.ActiveCfg = Release|Any CPU
		{C0D06297-305B-4D8E-8C35-0796500C1969}.Release|Any CPU.Build.0 = Release|Any CPU
	EndGlobalSection
	GlobalSection(NestedProjects) = preSolution
		{881CE7C5-7989-4CDB-B55D-AE81580EDD0B} = {1BC888F5-D0E6-4778-AE65-4EDC093BEF2E}
		{C0D06297-305B-4D8E-8C35-0796500C1969} = {CA8D6D3F-D4CF-4822-AA92-0EF10CD6B58B}
		{FBC7C246-B38E-4A64-8ADD-B6E430E50C3F} = {CA8D6D3F-D4CF-4822-AA92-0EF10CD6B58B}
	EndGlobalSection
EndGlobal
