
Microsoft Visual Studio Solution File, Format Version 12.00
# Visual Studio Version 17
VisualStudioVersion = 17.5.002.0
MinimumVisualStudioVersion = 10.0.40219.1
Project("{9A19103F-16F7-4668-BE54-9A1E7A4F7556}") = "OpenTournament.Frontend", "OpenTournament.Frontend.csproj", "{FD84B7D9-315B-4FD7-B516-F6A3739F0146}"
EndProject
Global
	GlobalSection(SolutionConfigurationPlatforms) = preSolution
		Debug|Any CPU = Debug|Any CPU
		Release|Any CPU = Release|Any CPU
	EndGlobalSection
	GlobalSection(ProjectConfigurationPlatforms) = postSolution
		{FD84B7D9-315B-4FD7-B516-F6A3739F0146}.Debug|Any CPU.ActiveCfg = Debug|Any CPU
		{FD84B7D9-315B-4FD7-B516-F6A3739F0146}.Debug|Any CPU.Build.0 = Debug|Any CPU
		{FD84B7D9-315B-4FD7-B516-F6A3739F0146}.Release|Any CPU.ActiveCfg = Release|Any CPU
		{FD84B7D9-315B-4FD7-B516-F6A3739F0146}.Release|Any CPU.Build.0 = Release|Any CPU
	EndGlobalSection
	GlobalSection(SolutionProperties) = preSolution
		HideSolutionNode = FALSE
	EndGlobalSection
	GlobalSection(ExtensibilityGlobals) = postSolution
		SolutionGuid = {48A8F3C3-4B9B-4A73-89DA-9F74332DE39A}
	EndGlobalSection
EndGlobal
